PODS:
  - Expecta (0.3.1)
  - Specta (0.2.1)
  - TOTOMarkdown (0.1.0)

DEPENDENCIES:
  - Expecta
  - Specta (~> 0.2.1)
  - TOTOMarkdown (from `../`)

EXTERNAL SOURCES:
  TOTOMarkdown:
    :path: ../

SPEC CHECKSUMS:
  Expecta: 03aabd0a89d8dea843baecb19a7fd7466a69a31d
  Specta: 9141310f46b1f68b676650ff2854e1ed0b74163a
  TOTOMarkdown: cd23ad4508501d5bf565e6ebd4c5f1761dba2ae0

COCOAPODS: 0.35.0
